{
  "name": "fsm-game",
  "lockfileVersion": 3,
  "requires": true,
  "packages": {
    "": {
      "dependencies": {
        "xstate": "^5.6.1"
      }
    },
    "node_modules/xstate": {
      "version": "5.6.1",
      "resolved": "https://registry.npmjs.org/xstate/-/xstate-5.6.1.tgz",
      "integrity": "sha512-+/rL6DJk8HT8qIpPvkVZLMgZ3bMxu7PRqe7TKoYGk3O800lj3vyeMOIodefcWEUDlzuKVrcEYnyN7LwyCBRW1g==",
      "funding": {
        "type": "opencollective",
        "url": "https://opencollective.com/xstate"
      }
    }
  }
}
